
Microsoft Visual Studio Solution File, Format Version 12.00
# Visual Studio 2012
Project("{FAE04EC0-301F-11D3-BF4B-00C04F79EFBC}") = "WpfApp", "WpfApp\WpfApp.csproj", "{5A9C0AC7-1748-462E-B048-CE851198A4E4}"
EndProject
Project("{FAE04EC0-301F-11D3-BF4B-00C04F79EFBC}") = "InternalComponent", "InternalComponent\InternalComponent.csproj", "{33DBF0CA-D334-482A-B109-F1F6953EBE10}"
EndProject
Project("{FAE04EC0-301F-11D3-BF4B-00C04F79EFBC}") = "PluginComponentThrowingException", "PluginComponentThrowingException\PluginComponentThrowingException.csproj", "{03EA3C52-5A76-4201-BBE1-0E418669B883}"
EndProject
Project("{FAE04EC0-301F-11D3-BF4B-00C04F79EFBC}") = "PluginComponentThrowingFileNotFoundException", "PluginComponentThrowingFileNotFoundException\PluginComponentThrowingFileNotFoundException.csproj", "{6B111E50-3B7F-49CC-943C-A9421A9F223D}"
EndProject
Project("{FAE04EC0-301F-11D3-BF4B-00C04F79EFBC}") = "Common", "CommonInterfaces\Common.csproj", "{D228FB74-78B7-47B9-A396-E6609FCB15A5}"
EndProject
Project("{2150E333-8FDC-42A3-9474-1A3956D46DE8}") = "Plugins", "Plugins", "{555EC811-1BDB-4673-B9AB-151C5F8971D1}"
EndProject
Global
	GlobalSection(SolutionConfigurationPlatforms) = preSolution
		Debug|Any CPU = Debug|Any CPU
		Release|Any CPU = Release|Any CPU
	EndGlobalSection
	GlobalSection(ProjectConfigurationPlatforms) = postSolution
		{5A9C0AC7-1748-462E-B048-CE851198A4E4}.Debug|Any CPU.ActiveCfg = Debug|Any CPU
		{5A9C0AC7-1748-462E-B048-CE851198A4E4}.Debug|Any CPU.Build.0 = Debug|Any CPU
		{5A9C0AC7-1748-462E-B048-CE851198A4E4}.Release|Any CPU.ActiveCfg = Release|Any CPU
		{5A9C0AC7-1748-462E-B048-CE851198A4E4}.Release|Any CPU.Build.0 = Release|Any CPU
		{33DBF0CA-D334-482A-B109-F1F6953EBE10}.Debug|Any CPU.ActiveCfg = Debug|Any CPU
		{33DBF0CA-D334-482A-B109-F1F6953EBE10}.Debug|Any CPU.Build.0 = Debug|Any CPU
		{33DBF0CA-D334-482A-B109-F1F6953EBE10}.Release|Any CPU.ActiveCfg = Release|Any CPU
		{33DBF0CA-D334-482A-B109-F1F6953EBE10}.Release|Any CPU.Build.0 = Release|Any CPU
		{03EA3C52-5A76-4201-BBE1-0E418669B883}.Debug|Any CPU.ActiveCfg = Debug|Any CPU
		{03EA3C52-5A76-4201-BBE1-0E418669B883}.Debug|Any CPU.Build.0 = Debug|Any CPU
		{03EA3C52-5A76-4201-BBE1-0E418669B883}.Release|Any CPU.ActiveCfg = Release|Any CPU
		{03EA3C52-5A76-4201-BBE1-0E418669B883}.Release|Any CPU.Build.0 = Release|Any CPU
		{6B111E50-3B7F-49CC-943C-A9421A9F223D}.Debug|Any CPU.ActiveCfg = Debug|Any CPU
		{6B111E50-3B7F-49CC-943C-A9421A9F223D}.Debug|Any CPU.Build.0 = Debug|Any CPU
		{6B111E50-3B7F-49CC-943C-A9421A9F223D}.Release|Any CPU.ActiveCfg = Release|Any CPU
		{6B111E50-3B7F-49CC-943C-A9421A9F223D}.Release|Any CPU.Build.0 = Release|Any CPU
		{D228FB74-78B7-47B9-A396-E6609FCB15A5}.Debug|Any CPU.ActiveCfg = Debug|Any CPU
		{D228FB74-78B7-47B9-A396-E6609FCB15A5}.Debug|Any CPU.Build.0 = Debug|Any CPU
		{D228FB74-78B7-47B9-A396-E6609FCB15A5}.Release|Any CPU.ActiveCfg = Release|Any CPU
		{D228FB74-78B7-47B9-A396-E6609FCB15A5}.Release|Any CPU.Build.0 = Release|Any CPU
	EndGlobalSection
	GlobalSection(SolutionProperties) = preSolution
		HideSolutionNode = FALSE
	EndGlobalSection
	GlobalSection(NestedProjects) = preSolution
		{03EA3C52-5A76-4201-BBE1-0E418669B883} = {555EC811-1BDB-4673-B9AB-151C5F8971D1}
		{6B111E50-3B7F-49CC-943C-A9421A9F223D} = {555EC811-1BDB-4673-B9AB-151C5F8971D1}
	EndGlobalSection
EndGlobal
